
Microsoft Visual Studio Solution File, Format Version 12.00
# Visual Studio Version 16
VisualStudioVersion = 16.0.29613.14
MinimumVisualStudioVersion = 10.0.40219.1
Project("{FAE04EC0-301F-11D3-BF4B-00C04F79EFBC}") = "IdentityServerApp", "IdentityServerApp\IdentityServerApp.csproj", "{312CFFA5-8A3E-421B-BECA-DC9ED7DE6410}"
EndProject
Global
	GlobalSection(SolutionConfigurationPlatforms) = preSolution
		Debug|Any CPU = Debug|Any CPU
		Release|Any CPU = Release|Any CPU
	EndGlobalSection
	GlobalSection(ProjectConfigurationPlatforms) = postSolution
		{312CFFA5-8A3E-421B-BECA-DC9ED7DE6410}.Debug|Any CPU.ActiveCfg = Debug|Any CPU
		{312CFFA5-8A3E-421B-BECA-DC9ED7DE6410}.Debug|Any CPU.Build.0 = Debug|Any CPU
		{312CFFA5-8A3E-421B-BECA-DC9ED7DE6410}.Release|Any CPU.ActiveCfg = Release|Any CPU
		{312CFFA5-8A3E-421B-BECA-DC9ED7DE6410}.Release|Any CPU.Build.0 = Release|Any CPU
	EndGlobalSection
	GlobalSection(SolutionProperties) = preSolution
		HideSolutionNode = FALSE
	EndGlobalSection
	GlobalSection(ExtensibilityGlobals) = postSolution
		SolutionGuid = {D035E748-9652-4DDC-A50A-69490DE1B6BF}
	EndGlobalSection
EndGlobal
